
Microsoft Visual Studio Solution File, Format Version 12.00
# Visual Studio Version 16
VisualStudioVersion = 16.0.31410.357
MinimumVisualStudioVersion = 10.0.40219.1
Project("{9A19103F-16F7-4668-BE54-9A1E7A4F7556}") = "Consulta", "Consulta\Consulta.csproj", "{726B7F8A-B8C4-430A-A596-375F8FD17327}"
EndProject
Project("{FAE04EC0-301F-11D3-BF4B-00C04F79EFBC}") = "Consulta.Facades", "Consulta.Facades\Consulta.Facades.csproj", "{4E12FB11-AF25-4531-BA75-9B7F1083F31A}"
EndProject
Project("{FAE04EC0-301F-11D3-BF4B-00C04F79EFBC}") = "Consulta.Model", "Consulta.Model\Consulta.Model.csproj", "{81C75F66-6A05-431A-A82D-19A34F2FB293}"
EndProject
Project("{FAE04EC0-301F-11D3-BF4B-00C04F79EFBC}") = "Consulta.Services", "Consulta.Services\Consulta.Services.csproj", "{70327ACF-15AC-4FAC-A7CD-9AD29FA50B8B}"
EndProject
Global
	GlobalSection(SolutionConfigurationPlatforms) = preSolution
		Debug|Any CPU = Debug|Any CPU
		Release|Any CPU = Release|Any CPU
	EndGlobalSection
	GlobalSection(ProjectConfigurationPlatforms) = postSolution
		{726B7F8A-B8C4-430A-A596-375F8FD17327}.Debug|Any CPU.ActiveCfg = Debug|Any CPU
		{726B7F8A-B8C4-430A-A596-375F8FD17327}.Debug|Any CPU.Build.0 = Debug|Any CPU
		{726B7F8A-B8C4-430A-A596-375F8FD17327}.Release|Any CPU.ActiveCfg = Release|Any CPU
		{726B7F8A-B8C4-430A-A596-375F8FD17327}.Release|Any CPU.Build.0 = Release|Any CPU
		{4E12FB11-AF25-4531-BA75-9B7F1083F31A}.Debug|Any CPU.ActiveCfg = Debug|Any CPU
		{4E12FB11-AF25-4531-BA75-9B7F1083F31A}.Debug|Any CPU.Build.0 = Debug|Any CPU
		{4E12FB11-AF25-4531-BA75-9B7F1083F31A}.Release|Any CPU.ActiveCfg = Release|Any CPU
		{4E12FB11-AF25-4531-BA75-9B7F1083F31A}.Release|Any CPU.Build.0 = Release|Any CPU
		{81C75F66-6A05-431A-A82D-19A34F2FB293}.Debug|Any CPU.ActiveCfg = Debug|Any CPU
		{81C75F66-6A05-431A-A82D-19A34F2FB293}.Debug|Any CPU.Build.0 = Debug|Any CPU
		{81C75F66-6A05-431A-A82D-19A34F2FB293}.Release|Any CPU.ActiveCfg = Release|Any CPU
		{81C75F66-6A05-431A-A82D-19A34F2FB293}.Release|Any CPU.Build.0 = Release|Any CPU
		{70327ACF-15AC-4FAC-A7CD-9AD29FA50B8B}.Debug|Any CPU.ActiveCfg = Debug|Any CPU
		{70327ACF-15AC-4FAC-A7CD-9AD29FA50B8B}.Debug|Any CPU.Build.0 = Debug|Any CPU
		{70327ACF-15AC-4FAC-A7CD-9AD29FA50B8B}.Release|Any CPU.ActiveCfg = Release|Any CPU
		{70327ACF-15AC-4FAC-A7CD-9AD29FA50B8B}.Release|Any CPU.Build.0 = Release|Any CPU
	EndGlobalSection
	GlobalSection(SolutionProperties) = preSolution
		HideSolutionNode = FALSE
	EndGlobalSection
	GlobalSection(ExtensibilityGlobals) = postSolution
		SolutionGuid = {51688922-CB03-4111-9BDA-1B198FED0B85}
	EndGlobalSection
EndGlobal
